
Microsoft Visual Studio Solution File, Format Version 12.00
# Visual Studio Version 17
VisualStudioVersion = 17.2.32616.157
MinimumVisualStudioVersion = 10.0.40219.1
Project("{FAE04EC0-301F-11D3-BF4B-00C04F79EFBC}") = "Domain", "Domain\Domain.csproj", "{8F47360D-8292-47C4-93D9-51BFED17900D}"
EndProject
Project("{FAE04EC0-301F-11D3-BF4B-00C04F79EFBC}") = "Infrastructure", "Infrastructure\Infrastructure.csproj", "{9B5277DE-AC06-4187-B125-1A1F94770D42}"
EndProject
Project("{FAE04EC0-301F-11D3-BF4B-00C04F79EFBC}") = "WEBAPI", "WEBAPI\WEBAPI.csproj", "{6C809F0F-91F0-4628-882A-57E7D387ABE0}"
EndProject
Global
	GlobalSection(SolutionConfigurationPlatforms) = preSolution
		Debug|Any CPU = Debug|Any CPU
		Release|Any CPU = Release|Any CPU
	EndGlobalSection
	GlobalSection(ProjectConfigurationPlatforms) = postSolution
		{8F47360D-8292-47C4-93D9-51BFED17900D}.Debug|Any CPU.ActiveCfg = Debug|Any CPU
		{8F47360D-8292-47C4-93D9-51BFED17900D}.Debug|Any CPU.Build.0 = Debug|Any CPU
		{8F47360D-8292-47C4-93D9-51BFED17900D}.Release|Any CPU.ActiveCfg = Release|Any CPU
		{8F47360D-8292-47C4-93D9-51BFED17900D}.Release|Any CPU.Build.0 = Release|Any CPU
		{9B5277DE-AC06-4187-B125-1A1F94770D42}.Debug|Any CPU.ActiveCfg = Debug|Any CPU
		{9B5277DE-AC06-4187-B125-1A1F94770D42}.Debug|Any CPU.Build.0 = Debug|Any CPU
		{9B5277DE-AC06-4187-B125-1A1F94770D42}.Release|Any CPU.ActiveCfg = Release|Any CPU
		{9B5277DE-AC06-4187-B125-1A1F94770D42}.Release|Any CPU.Build.0 = Release|Any CPU
		{6C809F0F-91F0-4628-882A-57E7D387ABE0}.Debug|Any CPU.ActiveCfg = Debug|Any CPU
		{6C809F0F-91F0-4628-882A-57E7D387ABE0}.Debug|Any CPU.Build.0 = Debug|Any CPU
		{6C809F0F-91F0-4628-882A-57E7D387ABE0}.Release|Any CPU.ActiveCfg = Release|Any CPU
		{6C809F0F-91F0-4628-882A-57E7D387ABE0}.Release|Any CPU.Build.0 = Release|Any CPU
	EndGlobalSection
	GlobalSection(SolutionProperties) = preSolution
		HideSolutionNode = FALSE
	EndGlobalSection
	GlobalSection(ExtensibilityGlobals) = postSolution
		SolutionGuid = {6044C9B6-1465-4CA6-98B0-7CCA6D46694D}
	EndGlobalSection
EndGlobal
